github.com/aws/aws-sdk-go-v2 v1.43.6 h1:RrmFcqCBxkJuf7g1axVo5krB4jM/AO8r5e5oujrgdoQ=
github.com/aws/aws-sdk-go-v2 v1.43.6/go.mod h1:tXpPM+v0D1lndmga+HqqLDIzUFJlEeR21aspVklHF00=
github.com/aws/aws-sdk-go-v2/aws/protocol/eventstream v1.7.10 h1:gx1AwW1Iyk9Z9dD9F4akX5gnN3QZwUB20GGKH/I+Rho=
github.com/aws/aws-sdk-go-v2/aws/protocol/eventstream v1.7.10/go.mod h1:qqY157uZoqm5OXq/amuaBJyC9hgBCBQnsaWnPe905GY=
github.com/aws/aws-sdk-go-v2/config v1.32.16 h1:Q0iQ7quUgJP0F/SCRTieScnaMdXr9h/2+wze1u3cNeM=
github.com/aws/aws-sdk-go-v2/config v1.32.16/go.mod h1:duCCnJEFqpt2RC6no1iK6q+8HpwOAkiUua0pY507dQc=
github.com/aws/aws-sdk-go-v2/credentials v1.19.15 h1:fyvgWTszojq8hEnMi8PPBTvZdTtEVmAVyo+NFLHBhH4=
github.com/aws/aws-sdk-go-v2/credentials v1.19.15/go.mod h1:gJiYyMOjNg8OEdRWOf3CrFQxM2a98qmrtjx1zuiQfB8=
github.com/aws/aws-sdk-go-v2/feature/ec2/imds v1.18.22 h1:IOGsJ1xVWhsi+ZO7/NW8OuZZBtMJLZbk4P5HDjJO0jQ=
github.com/aws/aws-sdk-go-v2/feature/ec2/imds v1.18.22/go.mod h1:b+hYdbU+jGKfXE8kKM6g1+h+L/Go3vMvzlxBsiuGsxg=
github.com/aws/aws-sdk-go-v2/internal/configsources v1.4.37 h1:lznzIOvvbqjfe8UAaciCRJgBgJsxuTROKlhZuXQWfv8=
github.com/aws/aws-sdk-go-v2/internal/configsources v1.4.37/go.mod h1:otfkzyfQeMMLZAqX59GSXTL3o22BR/l6HFaRzzbWSqA=
github.com/aws/aws-sdk-go-v2/internal/endpoints/v2 v2.7.37 h1:zCEORWo0eU0gDjG+IyApE/2B+ZGG1m+GU7B263XV8ds=
github.com/aws/aws-sdk-go-v2/internal/endpoints/v2 v2.7.37/go.mod h1:i6c0PEl3TNOWxRbQ++KQcVenPWS/GoQeiklKhNuqzJ8=
github.com/aws/aws-sdk-go-v2/internal/v4a v1.4.30 h1:VTGy885W5DKBxWRUJbym9hytNaYzsyaPkCHGRRMAOhU=
github.com/aws/aws-sdk-go-v2/internal/v4a v1.4.30/go.mod h1:AS0HycUvJRFvTt613AYDOgO2jzw+00cVSMny8XB3yMY=
github.com/aws/aws-sdk-go-v2/service/acm v1.39.5 h1:r3gS8FXooxCn+wUet8PCpjpQDuvYZsA48u5Bgl8hQjU=
github.com/aws/aws-sdk-go-v2/service/acm v1.39.5/go.mod h1:5SLuQLDHTdAVjZm1wBibzITs3wcSqbEA5itBYPGgmG4=
github.com/aws/aws-sdk-go-v2/service/autoscaling v1.66.2 h1:pPd+/Ujqf2+DmPOdB47EN7ox1iC21lu2zlOccUlfHeo=
github.com/aws/aws-sdk-go-v2/service/autoscaling v1.66.2/go.mod h1:b3XHAIEe5I9cmeZ9MLvUqj5DRWcBuh1/hpKDPb7T6KE=
github.com/aws/aws-sdk-go-v2/service/backup v1.56.0 h1:jAx1XkXf14DcuPDf5byG+ut2Ym4QiqCld1VYuBD/Vzk=
github.com/aws/aws-sdk-go-v2/service/backup v1.56.0/go.mod h1:uMh3ZDoLKhXldYL1qcBYy1HsNQfKgL/w8iF2onOyoKY=
github.com/aws/aws-sdk-go-v2/service/bedrock v1.66.6 h1:VZxz2SILULvluRU9g92ZDCdqToTPw/xPXDqtJ47ng2U=
github.com/aws/aws-sdk-go-v2/service/bedrock v1.66.6/go.mod h1:E4BGQ5oTXmgMZhHavHrix+6rzp3nfjHt82P7mWtEzqs=
github.com/aws/aws-sdk-go-v2/service/cloudfront v1.65.1 h1:UXPRXa3HLrJolDM098DfXgLJrbB086+Zip3M+4Dy1WI=
github.com/aws/aws-sdk-go-v2/service/cloudfront v1.65.1/go.mod h1:Uu2kNhTTM1ZrJcIL3FDLlzaHwOZUugiMmL8K8ibBbvo=
github.com/aws/aws-sdk-go-v2/service/cloudtrail v1.55.10 h1:p+O8X2Om7CiYdN5FYzIdQJvaptNL2vLOtc9vl8MH0uE=
github.com/aws/aws-sdk-go-v2/service/cloudtrail v1.55.10/go.mod h1:EmJiemyFSnlGbug6KkKYdmXzeavFVCYz86VPC4CZZSI=
github.com/aws/aws-sdk-go-v2/service/cloudwatch v1.56.2 h1:AEdVlfaKtqjQgnAZ71TAghxd2We92jSez2VAnjOx1vg=
github.com/aws/aws-sdk-go-v2/service/cloudwatch v1.56.2/go.mod h1:/s52Xxp5LWbfLCWtelG67FDNtpoOoxdnZEzcixGQwcM=
github.com/aws/aws-sdk-go-v2/service/cloudwatchlogs v1.69.1 h1:2ANEV0YkO/NlWxVmHBui7w7NE3lHW2sJji+OtjKJwck=
github.com/aws/aws-sdk-go-v2/service/cloudwatchlogs v1.69.1/go.mod h1:O7cQtpXZSk+P59gPFZIpcMpKwLk5d9zabFpV8fw68RM=
github.com/aws/aws-sdk-go-v2/service/configservice v1.62.4 h1:Vzzl4mk9hu0sE0lKhYiH3uD15nL9nyQ8PUlVKHXsqnA=
github.com/aws/aws-sdk-go-v2/service/configservice v1.62.4/go.mod h1:HGcpycwfNZW3ADZFgUl/GxbIAQ9qkcY9YERr7QPvlaE=
github.com/aws/aws-sdk-go-v2/service/costexplorer v1.65.1 h1:zvBGy8CjCYBJ/hVV1jKyG0HWpaBQ278QWQMqJmF253E=
github.com/aws/aws-sdk-go-v2/service/costexplorer v1.65.1/go.mod h1:y3B04et7wgCGibEsJJ3BQwI2TzgqbVjre7cjWnGbpj8=
github.com/aws/aws-sdk-go-v2/service/databasemigrationservice v1.62.2 h1:+vWChWbLMrEzHuKtm2koCaGoZo6Cnu8OpYH0fsdSLEI=
github.com/aws/aws-sdk-go-v2/service/databasemigrationservice v1.62.2/go.mod h1:Qa7SOwwtaE9VticcY52FgDIXJZLS1jz+Y6fiCdLUdRU=
github.com/aws/aws-sdk-go-v2/service/directoryservice v1.38.20 h1:C7EHMX6Q8rUfRCFbTiO4D777nooyQpprGEktVNue2ao=
github.com/aws/aws-sdk-go-v2/service/directoryservice v1.38.20/go.mod h1:HjQm7eyVQh/DF7hntDNw9lCsrCKskqLsFJvv4uKLECQ=
github.com/aws/aws-sdk-go-v2/service/dynamodb v1.57.3 h1:XgjzLEE8CrNYnr4Xmi1W5PfKsKMjp4Pu1rWkJNO43JI=
github.com/aws/aws-sdk-go-v2/service/dynamodb v1.57.3/go.mod h1:r7sfLXEN8RUA89tAHy1E7lCtVOOWIkqVy/FbnUdxW1E=
github.com/aws/aws-sdk-go-v2/service/ec2 v1.299.0 h1:qTozRFl2YFFU2HJGl7ZAywlRQvBnAN591gbAFT5bE0s=
github.com/aws/aws-sdk-go-v2/service/ec2 v1.299.0/go.mod h1:E1pnYwWFZ8N3REmeN9Fe/Zipbpps4HJj8DQGNnLUMYc=
github.com/aws/aws-sdk-go-v2/service/ecr v1.57.1 h1:G/O4muLF2pe1UJBKEyF7J+kdokEEqFJjm42cU68FqH4=
github.com/aws/aws-sdk-go-v2/service/ecr v1.57.1/go.mod h1:KBzTxiBlQ2bB5XT367+t18i3Qe7NZDRyGKxdzN43aOw=
github.com/aws/aws-sdk-go-v2/service/efs v1.41.17 h1:0RViZJ5P2Tpm8OSTGFMVRJHDP6dhY0LKcYB/G99Reb4=
github.com/aws/aws-sdk-go-v2/service/efs v1.41.17/go.mod h1:epIbYreyUL7HvPdLyEGpao66ZKaeafXHAXuWdB3Oass=
github.com/aws/aws-sdk-go-v2/service/eks v1.82.1 h1:xTzXiQ8Q6U4ACdMNSCm72zd4Ds7QxhgVLqt5x8GXLBM=
github.com/aws/aws-sdk-go-v2/service/eks v1.82.1/go.mod h1:jjcGpziR11RTrr3JIgXg/Nn8GSwK3WOz2z1v/RqEBUI=
github.com/aws/aws-sdk-go-v2/service/elasticache v1.52.3 h1:l6i/86M1/beEHPdxcj/85RuUH0egKZ2m8F8eMA+ejPE=
github.com/aws/aws-sdk-go-v2/service/elasticache v1.52.3/go.mod h1:hpwaNXHNAM4EP+m38yzQI4hOgVwnjlNfK7Iq9GXYl04=
github.com/aws/aws-sdk-go-v2/service/elasticloadbalancingv2 v1.54.12 h1:TJXv7kZjdXA2maPDaJFFEQPBrPmvPtMybN3qYDOpJ4Y=
github.com/aws/aws-sdk-go-v2/service/elasticloadbalancingv2 v1.54.12/go.mod h1:lwjtb9DHOAmNt7EUW68Zd1Qd+cPyFxacXHN5c9JZ2VY=
github.com/aws/aws-sdk-go-v2/service/eventbridge v1.46.6 h1:rJFqZQH9sT7vNEPX+Irn3miu/zOKkt80HHA18Tmk3OE=
github.com/aws/aws-sdk-go-v2/service/eventbridge v1.46.6/go.mod h1:Ahoy85HXn2dWwT4hseCxPS1USL9mowNWKlN1sdjcKxs=
github.com/aws/aws-sdk-go-v2/service/glue v1.140.0 h1:aiO0/LEy46HllUulca0Ej85f2cvJW6yqwqVCPmiEpUA=
github.com/aws/aws-sdk-go-v2/service/glue v1.140.0/go.mod h1:mDg5wTmo9ElbuHNOerghTunsyjUS8PUtdIFVAFMON88=
github.com/aws/aws-sdk-go-v2/service/guardduty v1.75.2 h1:192TbEuLgjpQ2TawwEzr+mb2FahEiuxG6vJvyw9bQNE=
github.com/aws/aws-sdk-go-v2/service/guardduty v1.75.2/go.mod h1:gKhKPN+UI85IxfnQzhOdVx6RB4jPV98zlLdoRhOSRPw=
github.com/aws/aws-sdk-go-v2/service/iam v1.53.8 h1:p0oB4eZfBfBAOasnKvHJOlNcuHVE/ieuWs7uIZgQlyQ=
github.com/aws/aws-sdk-go-v2/service/iam v1.53.8/go.mod h1:epCaPnGVdiX5ra1lHPfRkVuiQGxrdY8bRI2FBJU+6ok=
github.com/aws/aws-sdk-go-v2/service/internal/accept-encoding v1.13.9 h1:FLudkZLt5ci0ozzgkVo8BJGwvqNaZbTWb3UcucAateA=
github.com/aws/aws-sdk-go-v2/service/internal/accept-encoding v1.13.9/go.mod h1:w7wZ/s9qK7c8g4al+UyoF1Sp/Z45UwMGcqIzLWVQHWk=
github.com/aws/aws-sdk-go-v2/service/internal/checksum v1.9.14 h1:xnvDEnw+pnj5mctWiYuFbigrEzSm35x7k4KS/ZkCANg=
github.com/aws/aws-sdk-go-v2/service/internal/checksum v1.9.14/go.mod h1:yS5rNogD8e0Wu9+l3MUwr6eENBzEeGejvINpN5PAYfY=
github.com/aws/aws-sdk-go-v2/service/internal/endpoint-discovery v1.12.2 h1:hSoDQhlj4FltaOFT6QSRylsI06ZaHh1IXgdM/ssoAb0=
github.com/aws/aws-sdk-go-v2/service/internal/endpoint-discovery v1.12.2/go.mod h1:/hAD28e8h+h5M8uIKiAwDm+6MbLlTHWfbyUwaaGNhmg=
github.com/aws/aws-sdk-go-v2/service/internal/presigned-url v1.13.22 h1:PUmZeJU6Y1Lbvt9WFuJ0ugUK2xn6hIWUBBbKuOWF30s=
github.com/aws/aws-sdk-go-v2/service/internal/presigned-url v1.13.22/go.mod h1:nO6egFBoAaoXze24a2C0NjQCvdpk8OueRoYimvEB9jo=
github.com/aws/aws-sdk-go-v2/service/internal/s3shared v1.19.22 h1:SE+aQ4DEqG53RRCAIHlCf//B2ycxGH7jFkpnAh/kKPM=
github.com/aws/aws-sdk-go-v2/service/internal/s3shared v1.19.22/go.mod h1:ES3ynECd7fYeJIL6+oax+uIEljmfps0S70BaQzbMd/o=
github.com/aws/aws-sdk-go-v2/service/kafka v1.52.2 h1:7156hEUOw1lT8wzTO9qDaNIJsX9XaXLAq7gm4SeCZBM=
github.com/aws/aws-sdk-go-v2/service/kafka v1.52.2/go.mod h1:5UqrOoxtnHXShDuy2oOkDUm+Z7RHUUHVyL3LsggCAJk=
github.com/aws/aws-sdk-go-v2/service/kinesis v1.43.7 h1:9FvrpWzkSPbm995UGQ4jOdRDuhQLmwgh/5t8UoosTdY=
github.com/aws/aws-sdk-go-v2/service/kinesis v1.43.7/go.mod h1:A7b/tv2nIcdfLY6EfH9fklY+L/wpVo6PtDJ6KA43PKg=
github.com/aws/aws-sdk-go-v2/service/kms v1.52.0 h1:QNtg+Mtj1zmepk568+UKBD5DFfqh+ESTUUqQT27JkQc=
github.com/aws/aws-sdk-go-v2/service/kms v1.52.0/go.mod h1:Y0+uxvxz6ib4KktRdK0V4X45Vcs/JyYoz8H71pO8xeI=
github.com/aws/aws-sdk-go-v2/service/lambda v1.90.0 h1:5Ik7cnQRuS078cSh1Sj66QdLPlXtuRRmuwDAWbsuL4c=
github.com/aws/aws-sdk-go-v2/service/lambda v1.90.0/go.mod h1:7qoh/MlWG5QCnZwq9bvdXomEAkmumayXcjEjIemIV7U=
github.com/aws/aws-sdk-go-v2/service/opensearch v1.70.1 h1:bvmcxzp/PGDLScBLcJHG5WSoChkALP20Xhem54dUaKc=
github.com/aws/aws-sdk-go-v2/service/opensearch v1.70.1/go.mod h1:VKcO88AHkSJsp7pQeHNr5VVcs1t/0snyD+e0ppd4oE0=
github.com/aws/aws-sdk-go-v2/service/quicksight v1.112.0 h1:PAW0DClCeudP+lLN1z9i0TLjoqErUGwNu+DfemX4RIc=
github.com/aws/aws-sdk-go-v2/service/quicksight v1.112.0/go.mod h1:Cqo3dKj464X8R6TZaYAOCMgPH5wLzBAdYRHT+Ido0gM=
github.com/aws/aws-sdk-go-v2/service/rds v1.118.1 h1:cywOPYUFOSOAjrovJNxuBXd6SV3osiP3KJ5p412IEJQ=
github.com/aws/aws-sdk-go-v2/service/rds v1.118.1/go.mod h1:BaS59j6evm68pt9EaJnb7tnTOaT0MY4rJeESKh8RKKY=
github.com/aws/aws-sdk-go-v2/service/redshift v1.62.8 h1:5Wg38ZauCqmomDAGTCDbA/t4vR5fUqIBTEwAOAswdng=
github.com/aws/aws-sdk-go-v2/service/redshift v1.62.8/go.mod h1:uLWlNO4q8278lSx2iKIJZ09zSXNJ6uQTFM1jvZIZRf4=
github.com/aws/aws-sdk-go-v2/service/resourceexplorer2 v1.24.6 h1:or0w4pLhLfiKVJkYwlLR9m5nExIZaW1mnKXJWcm4Uo8=
github.com/aws/aws-sdk-go-v2/service/resourceexplorer2 v1.24.6/go.mod h1:UFlKUAOTNmPUMo9WAz/DUzU/dB+w3m2vx3XPH3jb6Qk=
github.com/aws/aws-sdk-go-v2/service/resourcegroupstaggingapi v1.33.2 h1:9/ffU7I/IZpWSy3Ht1cuMCfn9wwk2Ya6CujY4eT623s=
github.com/aws/aws-sdk-go-v2/service/resourcegroupstaggingapi v1.33.2/go.mod h1:8mFAXvJPUSFI+Gklwx5lGEapkVjPeBTqzGeEURZ02fA=
github.com/aws/aws-sdk-go-v2/service/route53 v1.63.2 h1:5PG11zFh4s6n+FjyhCOs00K/yo4sLtemdYGjT2hccc8=
github.com/aws/aws-sdk-go-v2/service/route53 v1.63.2/go.mod h1:pUzWuR5MLjU1xlMmCT0qUALPqBFFxf/zdHAmusQlVuM=
github.com/aws/aws-sdk-go-v2/service/s3 v1.100.0 h1:7G26Sae6PMKn4kMcU5JzNfrm1YrKwyOhowXPYR2WiWY=
github.com/aws/aws-sdk-go-v2/service/s3 v1.100.0/go.mod h1:Fw9aqhJicIVee1VytBBjH+l+5ov6/PhbtIK/u3rt/ls=
github.com/aws/aws-sdk-go-v2/service/sagemaker v1.242.0 h1:oPfr3pmwZv8UCsLDqzCNAUSAUBr71iBmwyulxPsWZQ8=
github.com/aws/aws-sdk-go-v2/service/sagemaker v1.242.0/go.mod h1:oAe+LZp2AOfZYv+jje3T9mZkH4cZnFWwfTy/VXr9g4c=
github.com/aws/aws-sdk-go-v2/service/secretsmanager v1.41.6 h1:XR42AXidhYs4HwH0I+yElLXVt7zb2hAyNHQJe6Blv7w=
github.com/aws/aws-sdk-go-v2/service/secretsmanager v1.41.6/go.mod h1:nOTsSVQlAsgwVRdtZYtECSnsInF8IUhrpnclCPat7Fs=
github.com/aws/aws-sdk-go-v2/service/servicequotas v1.34.7 h1:LRcX5C4jwSmkbmkamPVLU3/VALAo0Fuy77a2TgMKYx0=
github.com/aws/aws-sdk-go-v2/service/servicequotas v1.34.7/go.mod h1:52QJsp2N27Em8o5H/cgkBwjTY4I/TYpTBHMlqhuCHMQ=
github.com/aws/aws-sdk-go-v2/service/sfn v1.41.0 h1:DjtJU3mUbj3Q6ggWmiCZuBfOf1k89O55knWuLABRUYs=
github.com/aws/aws-sdk-go-v2/service/sfn v1.41.0/go.mod h1:4FYhQ/fQeVDlW53MUOevhxGhJ9RYOYV8HSwyVmFCer0=
github.com/aws/aws-sdk-go-v2/service/shield v1.34.23 h1:J/F0GdRt3gHtS7U5IGq37+dBQR3OCXzDFgAkCRJw//k=
github.com/aws/aws-sdk-go-v2/service/shield v1.34.23/go.mod h1:G/PDEt2cCa1XH1hHT+g0Px4MzsknI460+3gxVP69V7g=
github.com/aws/aws-sdk-go-v2/service/signin v1.0.10 h1:a1Fq/KXn75wSzoJaPQTgZO0wHGqE9mjFnylnqEPTchA=
github.com/aws/aws-sdk-go-v2/service/signin v1.0.10/go.mod h1:p6+MXNxW7IA6dMgHfTAzljuwSKD0NCm/4lbS4t6+7vI=
github.com/aws/aws-sdk-go-v2/service/sns v1.40.1 h1:DLrOlgom0+OYnNaSiVxAXtR6obPjVlbmD+7w5wim9sc=
github.com/aws/aws-sdk-go-v2/service/sns v1.40.1/go.mod h1:V9szvM64GdG5VJUeDRstvLmt/ozgWiSNg3gYnp3mSkk=
github.com/aws/aws-sdk-go-v2/service/sqs v1.44.0 h1:6DQ95Zq5xPUSYm6KWcrar7zvreqAMFmyynYCcmzv6yc=
github.com/aws/aws-sdk-go-v2/service/sqs v1.44.0/go.mod h1:d7eKytKiwDFJeNAP4VWo47VCiNM9z539tkoCGJ6PjXw=
github.com/aws/aws-sdk-go-v2/service/sso v1.30.16 h1:x6bKbmDhsgSZwv6q19wY/u3rLk/3FGjJWyqKcIRufpE=
github.com/aws/aws-sdk-go-v2/service/sso v1.30.16/go.mod h1:CudnEVKRtLn0+3uMV0yEXZ+YZOKnAtUJ5DmDhilVnIw=
github.com/aws/aws-sdk-go-v2/service/ssooidc v1.35.20 h1:oK/njaL8GtyEihkWMD4k3VgHCT64RQKkZwh0DG5j8ak=
github.com/aws/aws-sdk-go-v2/service/ssooidc v1.35.20/go.mod h1:JHs8/y1f3zY7U5WcuzoJ/yAYGYtNIVPKLIbp61euvmg=
github.com/aws/aws-sdk-go-v2/service/sts v1.42.0 h1:ks8KBcZPh3PYISr5dAiXCM5/Thcuxk8l+PG4+A0exds=
github.com/aws/aws-sdk-go-v2/service/sts v1.42.0/go.mod h1:pFw33T0WLvXU3rw1WBkpMlkgIn54eCB5FYLhjDc9Foo=
github.com/aws/aws-sdk-go-v2/service/timestreamwrite v1.35.25 h1:x+mdaldP/Jxlyh6uyZp8PeSF1/PaP0wCENdCUGXppSo=
github.com/aws/aws-sdk-go-v2/service/timestreamwrite v1.35.25/go.mod h1:WRDA6C0snxIyduTkTXEFA48EUV/HLlaZ14KGKXspWms=
github.com/aws/aws-sdk-go-v2/service/wafv2 v1.71.5 h1:IMqwkBHrf3RjjNl+Xw0hkWz4WjB0ypcyNnRqOGiT7J0=
github.com/aws/aws-sdk-go-v2/service/wafv2 v1.71.5/go.mod h1:4PHOazTWE3wBq/xYohRMnO7vv3H0WgBYAvR8hyeZCfI=
github.com/aws/smithy-go v1.27.8 h1:FR0dxZfIlV7Z8eh2iHfIofdunw382XsDV3Mxt9nUvRY=
github.com/aws/smithy-go v1.27.8/go.mod h1:YE2RhdIuDbA5E5bTdciG9KrW3+TiEONeUWCqxX9i1Fc=
github.com/chengxilo/virtualterm v1.0.4 h1:Z6IpERbRVlfB8WkOmtbHiDbBANU7cimRIof7mk9/PwM=
github.com/chengxilo/virtualterm v1.0.4/go.mod h1:DyxxBZz/x1iqJjFxTFcr6/x+jSpqN0iwWCOK1q10rlY=
github.com/cpuguy83/go-md2man/v2 v2.0.6/go.mod h1:oOW0eioCTA6cOiMLiUPZOpcVxMig6NIQQ7OS05n1F4g=
github.com/davecgh/go-spew v1.1.1 h1:vj9j/u1bqnvCEfJOwUhtlOARqs3+rkHYY13jYWTU97c=
github.com/davecgh/go-spew v1.1.1/go.mod h1:J7Y8YcW2NihsgmVo/mv3lAwl/skON4iLHjSsI+c5H38=
github.com/dustin/go-humanize v1.0.1 h1:GzkhY7T5VNhEkwH0PVJgjz+fX1rhBrR7pRT3mDkpeCY=
github.com/dustin/go-humanize v1.0.1/go.mod h1:Mu1zIs6XwVuF/gI1OepvI0qD18qycQx+mFykh5fBlto=
github.com/google/pprof v0.0.0-20250317173921-a4b03ec1a45e h1:ijClszYn+mADRFY17kjQEVQ1XRhq2/JR1M3sGqeJoxs=
github.com/google/pprof v0.0.0-20250317173921-a4b03ec1a45e/go.mod h1:boTsfXsheKC2y+lKOCMpSfarhxDeIzfZG1jqGcPl3cA=
github.com/google/uuid v1.6.0 h1:NIvaJDMOsjHA8n1jAhLSgzrAzy1Hgr+hNrb57e+94F0=
github.com/google/uuid v1.6.0/go.mod h1:TIyPZe4MgqvfeYDBFedMoGGpEw/LqOeaOT+nhxU+yHo=
github.com/hashicorp/golang-lru/v2 v2.0.7 h1:a+bsQ5rvGLjzHuww6tVxozPZFVghXaHOwFs4luLUK2k=
github.com/hashicorp/golang-lru/v2 v2.0.7/go.mod h1:QeFd9opnmA6QUJc5vARoKUSoFhyfM2/ZepoAG6RGpeM=
github.com/inconshreveable/mousetrap v1.1.0 h1:wN+x4NVGpMsO7ErUn/mUI3vEoE6Jt13X2s0bqwp9tc8=
github.com/inconshreveable/mousetrap v1.1.0/go.mod h1:vpF70FUmC8bwa3OWnCshd2FqLfsEA9PFc4w1p2J65bw=
github.com/joho/godotenv v1.5.1 h1:7eLL/+HRGLY0ldzfGMeQkb7vMd0as4CfYvUVzLqw0N0=
github.com/joho/godotenv v1.5.1/go.mod h1:f4LDr5Voq0i2e/R5DDNOoa2zzDfwtkZa6DnEwAbqwq4=
github.com/mattn/go-isatty v0.0.20 h1:xfD0iDuEKnDkl03q4limB+vH+GxLEtL/jb4xVJSWWEY=
github.com/mattn/go-isatty v0.0.20/go.mod h1:W+V8PltTTMOvKvAeJH7IuucS94S2C6jfK/D7dTCTo3Y=
github.com/mattn/go-runewidth v0.0.16 h1:E5ScNMtiwvlvB5paMFdw9p4kSQzbXFikJ5SQO6TULQc=
github.com/mattn/go-runewidth v0.0.16/go.mod h1:Jdepj2loyihRzMpdS35Xk/zdY8IAYHsh153qUoGf23w=
github.com/mitchellh/colorstring v0.0.0-20190213212951-d06e56a500db h1:62I3jR2EmQ4l5rM/4FEfDWcRD+abF5XlKShorW5LRoQ=
github.com/mitchellh/colorstring v0.0.0-20190213212951-d06e56a500db/go.mod h1:l0dey0ia/Uv7NcFFVbCLtqEBQbrT4OCwCSKTEv6enCw=
github.com/ncruces/go-strftime v1.0.0 h1:HMFp8mLCTPp341M/ZnA4qaf7ZlsbTc+miZjCLOFAw7w=
github.com/ncruces/go-strftime v1.0.0/go.mod h1:Fwc5htZGVVkseilnfgOVb9mKy6w1naJmn9CehxcKcls=
github.com/pmezard/go-difflib v1.0.0 h1:4DBwDE0NGyQoBHbLQYPwSUPoCMWR5BEzIk/f1lZbAQM=
github.com/pmezard/go-difflib v1.0.0/go.mod h1:iKH77koFhYxTK1pcRnkKkqfTogsbg7gZNVY4sRDYZ/4=
github.com/remyoudompheng/bigfft v0.0.0-20230129092748-24d4a6f8daec h1:W09IVJc94icq4NjY3clb7Lk8O1qJ8BdBEF8z0ibU0rE=
github.com/remyoudompheng/bigfft v0.0.0-20230129092748-24d4a6f8daec/go.mod h1:qqbHyh8v60DhA7CoWK5oRCqLrMHRGoxYCSS9EjAz6Eo=
github.com/rivo/uniseg v0.4.7 h1:WUdvkW8uEhrYfLC4ZzdpI2ztxP1I582+49Oc5Mq64VQ=
github.com/rivo/uniseg v0.4.7/go.mod h1:FN3SvrM+Zdj16jyLfmOkMNblXMcoc8DfTHruCPUcx88=
github.com/russross/blackfriday/v2 v2.1.0/go.mod h1:+Rmxgy9KzJVeS9/2gXHxylqXiyQDYRxCVz55jmeOWTM=
github.com/schollz/progressbar/v3 v3.19.0 h1:Ea18xuIRQXLAUidVDox3AbwfUhD0/1IvohyTutOIFoc=
github.com/schollz/progressbar/v3 v3.19.0/go.mod h1:IsO3lpbaGuzh8zIMzgY3+J8l4C8GjO0Y9S69eFvNsec=
github.com/spf13/cobra v1.10.2 h1:DMTTonx5m65Ic0GOoRY2c16WCbHxOOw6xxezuLaBpcU=
github.com/spf13/cobra v1.10.2/go.mod h1:7C1pvHqHw5A4vrJfjNwvOdzYu0Gml16OCs2GRiTUUS4=
github.com/spf13/pflag v1.0.9 h1:9exaQaMOCwffKiiiYk6/BndUBv+iRViNW+4lEMi0PvY=
github.com/spf13/pflag v1.0.9/go.mod h1:McXfInJRrz4CZXVZOBLb0bTZqETkiAhM9Iw0y3An2Bg=
github.com/stretchr/testify v1.11.1 h1:7s2iGBzp5EwR7/aIZr8ao5+dra3wiQyKjjFuvgVKu7U=
github.com/stretchr/testify v1.11.1/go.mod h1:wZwfW3scLgRK+23gO65QZefKpKQRnfz6sD981Nm4B6U=
go.yaml.in/yaml/v3 v3.0.4/go.mod h1:DhzuOOF2ATzADvBadXxruRBLzYTpT36CKvDb3+aBEFg=
golang.org/x/mod v0.33.0 h1:tHFzIWbBifEmbwtGz65eaWyGiGZatSrT9prnU8DbVL8=
golang.org/x/mod v0.33.0/go.mod h1:swjeQEj+6r7fODbD2cqrnje9PnziFuw4bmLbBZFrQ5w=
golang.org/x/sync v0.20.0 h1:e0PTpb7pjO8GAtTs2dQ6jYa5BWYlMuX047Dco/pItO4=
golang.org/x/sync v0.20.0/go.mod h1:9xrNwdLfx4jkKbNva9FpL6vEN7evnE43NNNJQ2LF3+0=
golang.org/x/sys v0.6.0/go.mod h1:oPkhp1MJrh7nUepCBck5+mAzfO9JrbApNNgaTdGDITg=
golang.org/x/sys v0.42.0 h1:omrd2nAlyT5ESRdCLYdm3+fMfNFE/+Rf4bDIQImRJeo=
golang.org/x/sys v0.42.0/go.mod h1:4GL1E5IUh+htKOUEOaiffhrAeqysfVGipDYzABqnCmw=
golang.org/x/term v0.28.0 h1:/Ts8HFuMR2E6IP/jlo7QVLZHggjKQbhu/7H0LJFr3Gg=
golang.org/x/term v0.28.0/go.mod h1:Sw/lC2IAUZ92udQNf3WodGtn4k/XoLyZoh8v/8uiwek=
golang.org/x/tools v0.42.0 h1:uNgphsn75Tdz5Ji2q36v/nsFSfR/9BRFvqhGBaJGd5k=
golang.org/x/tools v0.42.0/go.mod h1:Ma6lCIwGZvHK6XtgbswSoWroEkhugApmsXyrUmBhfr0=
gopkg.in/check.v1 v0.0.0-20161208181325-20d25e280405/go.mod h1:Co6ibVJAznAaIkqp8huTwlJQCZ016jof/cbN4VW5Yz0=
gopkg.in/yaml.v3 v3.0.1 h1:fxVm/GzAzEWqLHuvctI91KS9hhNmmWOoWu0XTYJS7CA=
gopkg.in/yaml.v3 v3.0.1/go.mod h1:K4uyk7z7BCEPqu6E+C64Yfv1cQ7kz7rIZviUmN+EgEM=
modernc.org/cc/v4 v4.28.2 h1:3tQ0lf2ADtoby2EtSP+J7IE2SHwEJdP8ioR59wx7XpY=
modernc.org/cc/v4 v4.28.2/go.mod h1:OnovgIhbbMXMu1aISnJ0wvVD1KnW+cAUJkIrAWh+kVI=
modernc.org/ccgo/v4 v4.34.0 h1:yRLPFZieg532OT4rp4JFNIVcquwalMX26G95WQDqwCQ=
modernc.org/ccgo/v4 v4.34.0/go.mod h1:AS5WYMyBakQ+fhsHhtP8mWB82KTGPkNNJDGfGQCe0/A=
modernc.org/fileutil v1.4.0 h1:j6ZzNTftVS054gi281TyLjHPp6CPHr2KCxEXjEbD6SM=
modernc.org/fileutil v1.4.0/go.mod h1:EqdKFDxiByqxLk8ozOxObDSfcVOv/54xDs/DUHdvCUU=
modernc.org/gc/v2 v2.6.5 h1:nyqdV8q46KvTpZlsw66kWqwXRHdjIlJOhG6kxiV/9xI=
modernc.org/gc/v2 v2.6.5/go.mod h1:YgIahr1ypgfe7chRuJi2gD7DBQiKSLMPgBQe9oIiito=
modernc.org/gc/v3 v3.1.2 h1:ZtDCnhonXSZexk/AYsegNRV1lJGgaNZJuKjJSWKyEqo=
modernc.org/gc/v3 v3.1.2/go.mod h1:HFK/6AGESC7Ex+EZJhJ2Gni6cTaYpSMmU/cT9RmlfYY=
modernc.org/goabi0 v0.2.0 h1:HvEowk7LxcPd0eq6mVOAEMai46V+i7Jrj13t4AzuNks=
modernc.org/goabi0 v0.2.0/go.mod h1:CEFRnnJhKvWT1c1JTI3Avm+tgOWbkOu5oPA8eH8LnMI=
modernc.org/libc v1.72.3 h1:ZnDF4tXn4NBXFutMMQC4vtbTFSXhhKzR73fv0beZEAU=
modernc.org/libc v1.72.3/go.mod h1:dn0dZNnnn1clLyvRxLxYExxiKRZIRENOfqQ8XEeg4Qs=
modernc.org/mathutil v1.7.1 h1:GCZVGXdaN8gTqB1Mf/usp1Y/hSqgI2vAGGP4jZMCxOU=
modernc.org/mathutil v1.7.1/go.mod h1:4p5IwJITfppl0G4sUEDtCr4DthTaT47/N3aT6MhfgJg=
modernc.org/memory v1.11.0 h1:o4QC8aMQzmcwCK3t3Ux/ZHmwFPzE6hf2Y5LbkRs+hbI=
modernc.org/memory v1.11.0/go.mod h1:/JP4VbVC+K5sU2wZi9bHoq2MAkCnrt2r98UGeSK7Mjw=
modernc.org/opt v0.2.0 h1:tGyef5ApycA7FSEOMraay9SaTk5zmbx7Tu+cJs4QKZg=
modernc.org/opt v0.2.0/go.mod h1:03fq9lsNfvkYSfxrfUhZCWPk1lm4cq4N+Bh//bEtgns=
modernc.org/sortutil v1.2.1 h1:+xyoGf15mM3NMlPDnFqrteY07klSFxLElE2PVuWIJ7w=
modernc.org/sortutil v1.2.1/go.mod h1:7ZI3a3REbai7gzCLcotuw9AC4VZVpYMjDzETGsSMqJE=
modernc.org/sqlite v1.52.0 h1:p4dhYh2tXZCiyaqHwRVJDjIGKWyXayiQpThxgDzJaxo=
modernc.org/sqlite v1.52.0/go.mod h1:tcNzv5p84E0skkmJn038y+hWJbLQXQqEnQfeh5r2JLM=
modernc.org/strutil v1.2.1 h1:UneZBkQA+DX2Rp35KcM69cSsNES9ly8mQWD71HKlOA0=
modernc.org/strutil v1.2.1/go.mod h1:EHkiggD70koQxjVdSBM3JKM7k6L0FbGE5eymy9i3B9A=
modernc.org/token v1.1.0 h1:Xl7Ap9dKaEs5kLoOQeQmPWevfnk/DM5qcLcYlA8ys6Y=
modernc.org/token v1.1.0/go.mod h1:UGzOrNV1mAFSEB63lOFHIpNRUVMvYTc6yu1SMY/XTDM=
